Microsoft Visual Studio Solution File, Format Version 12.00
# Visual Studio Version 17
VisualStudioVersion = 17.5.2.0
MinimumVisualStudioVersion = 10.0.40219.1
Project("{FAE04EC0-301F-11D3-BF4B-00C04F79EFBC}") = "taipei-day-trip-dotnet", "taipei-day-trip-dotnet.csproj", "{668BE6A5-0C54-7588-B577-05ED96259A58}"
EndProject
Global
	GlobalSection(SolutionConfigurationPlatforms) = preSolution
		Debug|Any CPU = Debug|Any CPU
		Release|Any CPU = Release|Any CPU
	EndGlobalSection
	GlobalSection(ProjectConfigurationPlatforms) = postSolution
		{668BE6A5-0C54-7588-B577-05ED96259A58}.Debug|Any CPU.ActiveCfg = Debug|Any CPU
		{668BE6A5-0C54-7588-B577-05ED96259A58}.Debug|Any CPU.Build.0 = Debug|Any CPU
		{668BE6A5-0C54-7588-B577-05ED96259A58}.Release|Any CPU.ActiveCfg = Release|Any CPU
		{668BE6A5-0C54-7588-B577-05ED96259A58}.Release|Any CPU.Build.0 = Release|Any CPU
	EndGlobalSection
	GlobalSection(SolutionProperties) = preSolution
		HideSolutionNode = FALSE
	EndGlobalSection
	GlobalSection(ExtensibilityGlobals) = postSolution
		SolutionGuid = {C0642BC6-6D64-4B16-98FD-FE3F22C3D93B}
	EndGlobalSection
EndGlobal
